
Microsoft Visual Studio Solution File, Format Version 12.00
# Visual Studio 15
VisualStudioVersion = 15.0.28307.902
MinimumVisualStudioVersion = 10.0.40219.1
Project("{888888A0-9F3D-457C-B088-3A5042F75D52}") = "MC_Server", "MC_Server.pyproj", "{9995864C-946C-4A6A-A5C3-7BBE812715F7}"
EndProject
Global
	GlobalSection(SolutionConfigurationPlatforms) = preSolution
		Debug|Any CPU = Debug|Any CPU
		Release|Any CPU = Release|Any CPU
	EndGlobalSection
	GlobalSection(ProjectConfigurationPlatforms) = postSolution
		{9995864C-946C-4A6A-A5C3-7BBE812715F7}.Debug|Any CPU.ActiveCfg = Debug|Any CPU
		{9995864C-946C-4A6A-A5C3-7BBE812715F7}.Release|Any CPU.ActiveCfg = Release|Any CPU
	EndGlobalSection
	GlobalSection(SolutionProperties) = preSolution
		HideSolutionNode = FALSE
	EndGlobalSection
	GlobalSection(ExtensibilityGlobals) = postSolution
		SolutionGuid = {41307DD2-988E-4D4A-BDE2-B354DD9CA5B3}
	EndGlobalSection
EndGlobal
